github.com/go-opentype/bidi v0.2.1 h1:7xCGqywPYxmwSfPBgP1Ewrp2Iwg2S03NeKxGWTz2guo=
github.com/go-opentype/bidi v0.2.1/go.mod h1:PaWZ9P93jwQaXsEvAoSxvJ3P70S9f8TuFGDstTvcfmM=
github.com/go-opentype/fonts v0.5.0 h1:K/utHAXfdo7OfrcsrtDTyakO5nqmcUwLTL5HaIAgThI=
github.com/go-opentype/fonts v0.5.0/go.mod h1:C6yQL2apHItfEZ5hztpsHF0S5mlX/hklLlq/Z5fRG/g=
github.com/go-opentype/opentype v0.5.0 h1:++VoqgbXgYACyTTNzUAivoxW9M3m2gxWMAn6bIY7DXg=
github.com/go-opentype/opentype v0.5.0/go.mod h1:AOixevJf7XQaH7+WG+OMIOZEbYPXfMqklVk26Y6YTUU=
