github.com/andybalholm/brotli v1.2.6 h1:ftYnfj6usCp+UGV5kSJ3+chpMQgU+gJf/AxsUQ52REI=
github.com/andybalholm/brotli v1.2.6/go.mod h1:rzTDkvFWvIrjDXZHkuS16NPggd91W3kUSvPlQ1pLaKY=
github.com/go-opentype/fonts v0.12.0 h1:gjYYkbDZBK3JHpraakgGNnXdkGq8oADerhDYjC22ILQ=
github.com/go-opentype/fonts v0.12.0/go.mod h1:Kiep7ojxxaR2ALFeB/akcFHQyl1gG5OLIobp8EzaZSA=
github.com/go-opentype/opentype v0.15.0 h1:ioE3eCbNZavlk/w073J3uX5FKjqhgOHQw+wZZdJ+gE4=
github.com/go-opentype/opentype v0.15.0/go.mod h1:ZB31jTJl2mhPESXYMuUW+p36UrOabw/2+6mtyh/vNnI=
github.com/go-typeset/bidi v0.3.1 h1:fsTa0b9txt2SkH7M55EZ06+q3N9C4O0Oerf+SPLLGFs=
github.com/go-typeset/bidi v0.3.1/go.mod h1:ct3cmYT8Qt1FGJQ+2QaakrUxqaP4ZysgdQQg2ym5+Xo=
github.com/xyproto/randomstring v1.0.5 h1:YtlWPoRdgMu3NZtP45drfy1GKoojuR7hmRcnhZqKjWU=
github.com/xyproto/randomstring v1.0.5/go.mod h1:rgmS5DeNXLivK7YprL0pY+lTuhNQW3iGxZ18UQApw/E=
